
Microsoft Visual Studio Solution File, Format Version 12.00
# Visual Studio Version 16
VisualStudioVersion = 16.0.30413.136
MinimumVisualStudioVersion = 10.0.40219.1
Project("{FAE04EC0-301F-11D3-BF4B-00C04F79EFBC}") = "Megah Motor Label", "Megah Motor Label.csproj", "{F19150C0-75F3-44EB-B592-A73955B0FB14}"
EndProject
Global
	GlobalSection(SolutionConfigurationPlatforms) = preSolution
		Debug|Any CPU = Debug|Any CPU
		Release|Any CPU = Release|Any CPU
	EndGlobalSection
	GlobalSection(ProjectConfigurationPlatforms) = postSolution
		{F19150C0-75F3-44EB-B592-A73955B0FB14}.Debug|Any CPU.ActiveCfg = Debug|Any CPU
		{F19150C0-75F3-44EB-B592-A73955B0FB14}.Debug|Any CPU.Build.0 = Debug|Any CPU
		{F19150C0-75F3-44EB-B592-A73955B0FB14}.Release|Any CPU.ActiveCfg = Release|Any CPU
		{F19150C0-75F3-44EB-B592-A73955B0FB14}.Release|Any CPU.Build.0 = Release|Any CPU
	EndGlobalSection
	GlobalSection(SolutionProperties) = preSolution
		HideSolutionNode = FALSE
	EndGlobalSection
	GlobalSection(ExtensibilityGlobals) = postSolution
		SolutionGuid = {8F7E6C6C-CA50-4848-92CD-AD3842E01DAF}
	EndGlobalSection
EndGlobal
